
Microsoft Visual Studio Solution File, Format Version 12.00
# Visual Studio 14
VisualStudioVersion = 14.0.24720.0
MinimumVisualStudioVersion = 10.0.40219.1
Project("{2150E333-8FDC-42A3-9474-1A3956D46DE8}") = "Data", "Data", "{A2425C84-AF93-43E4-B4E7-B9404E76F1CE}"
EndProject
Project("{2150E333-8FDC-42A3-9474-1A3956D46DE8}") = "ExternalLibraries", "ExternalLibraries", "{C646DDE0-784A-4C47-9B2F-4A1A27ABB0EE}"
	ProjectSection(SolutionItems) = preProject
		ExternalLibraries\System.Web.Mvc.Expressions.dll = ExternalLibraries\System.Web.Mvc.Expressions.dll
	EndProjectSection
EndProject
Project("{2150E333-8FDC-42A3-9474-1A3956D46DE8}") = "Web", "Web", "{568E5CA1-0798-4748-A1E5-C4D7D020EB61}"
EndProject
Project("{2150E333-8FDC-42A3-9474-1A3956D46DE8}") = "Common", "Common", "{4335111B-CD9F-4E2B-9220-438074CD9A78}"
EndProject
Project("{2150E333-8FDC-42A3-9474-1A3956D46DE8}") = "Tests", "Tests", "{F1E81530-0E2D-4B1B-ADC3-882B663445ED}"
EndProject
Project("{FAE04EC0-301F-11D3-BF4B-00C04F79EFBC}") = "VGGLinkedIn.Web", "VGGLinkedIn.Web\VGGLinkedIn.Web.csproj", "{BE81B72F-8E3A-406F-97D0-4C8B1D02AF87}"
EndProject
Project("{FAE04EC0-301F-11D3-BF4B-00C04F79EFBC}") = "VGGLinkedIn.Data", "VGGLinkedIn.Data\VGGLinkedIn.Data.csproj", "{40267B7A-34F6-41CE-B01C-B00F9F48B829}"
EndProject
Project("{FAE04EC0-301F-11D3-BF4B-00C04F79EFBC}") = "VGGLinkedIn.Models", "VGGLinkedIn.Models\VGGLinkedIn.Models.csproj", "{44DF6441-A774-4510-87DA-ED6B6FC95277}"
EndProject
Global
	GlobalSection(SolutionConfigurationPlatforms) = preSolution
		Debug|Any CPU = Debug|Any CPU
		Release|Any CPU = Release|Any CPU
	EndGlobalSection
	GlobalSection(ProjectConfigurationPlatforms) = postSolution
		{BE81B72F-8E3A-406F-97D0-4C8B1D02AF87}.Debug|Any CPU.ActiveCfg = Debug|Any CPU
		{BE81B72F-8E3A-406F-97D0-4C8B1D02AF87}.Debug|Any CPU.Build.0 = Debug|Any CPU
		{BE81B72F-8E3A-406F-97D0-4C8B1D02AF87}.Release|Any CPU.ActiveCfg = Release|Any CPU
		{BE81B72F-8E3A-406F-97D0-4C8B1D02AF87}.Release|Any CPU.Build.0 = Release|Any CPU
		{40267B7A-34F6-41CE-B01C-B00F9F48B829}.Debug|Any CPU.ActiveCfg = Debug|Any CPU
		{40267B7A-34F6-41CE-B01C-B00F9F48B829}.Debug|Any CPU.Build.0 = Debug|Any CPU
		{40267B7A-34F6-41CE-B01C-B00F9F48B829}.Release|Any CPU.ActiveCfg = Release|Any CPU
		{40267B7A-34F6-41CE-B01C-B00F9F48B829}.Release|Any CPU.Build.0 = Release|Any CPU
		{44DF6441-A774-4510-87DA-ED6B6FC95277}.Debug|Any CPU.ActiveCfg = Debug|Any CPU
		{44DF6441-A774-4510-87DA-ED6B6FC95277}.Debug|Any CPU.Build.0 = Debug|Any CPU
		{44DF6441-A774-4510-87DA-ED6B6FC95277}.Release|Any CPU.ActiveCfg = Release|Any CPU
		{44DF6441-A774-4510-87DA-ED6B6FC95277}.Release|Any CPU.Build.0 = Release|Any CPU
	EndGlobalSection
	GlobalSection(SolutionProperties) = preSolution
		HideSolutionNode = FALSE
	EndGlobalSection
	GlobalSection(NestedProjects) = preSolution
		{BE81B72F-8E3A-406F-97D0-4C8B1D02AF87} = {568E5CA1-0798-4748-A1E5-C4D7D020EB61}
		{40267B7A-34F6-41CE-B01C-B00F9F48B829} = {A2425C84-AF93-43E4-B4E7-B9404E76F1CE}
		{44DF6441-A774-4510-87DA-ED6B6FC95277} = {A2425C84-AF93-43E4-B4E7-B9404E76F1CE}
	EndGlobalSection
EndGlobal
